
Microsoft Visual Studio Solution File, Format Version 12.00
# Visual Studio 15
VisualStudioVersion = 15.0.26124.0
MinimumVisualStudioVersion = 15.0.26124.0
Project("{FAE04EC0-301F-11D3-BF4B-00C04F79EFBC}") = "TaxManager.Contracts", "TaxManager.Contracts\TaxManager.Contracts.csproj", "{151AE7C5-8170-4D65-AF17-170966AC5644}"
EndProject
Project("{FAE04EC0-301F-11D3-BF4B-00C04F79EFBC}") = "TaxManager.Domain", "TaxManager.Domain\TaxManager.Domain.csproj", "{F0C59B41-5491-44B1-B358-7A73A872A74D}"
EndProject
Project("{FAE04EC0-301F-11D3-BF4B-00C04F79EFBC}") = "TaxManager.Persistence", "TaxManager.Persistence\TaxManager.Persistence.csproj", "{C08933F3-DA0C-41A3-B818-FB1FFFD712A1}"
EndProject
Project("{FAE04EC0-301F-11D3-BF4B-00C04F79EFBC}") = "TaxManager.Service", "TaxManager.Service\TaxManager.Service.csproj", "{32406CF4-1DB1-43B7-AFB9-DCBEB9F14FB6}"
EndProject
Project("{FAE04EC0-301F-11D3-BF4B-00C04F79EFBC}") = "TaxManager.WebApi", "TaxManager.WebApi\TaxManager.WebApi.csproj", "{53AF1647-FE47-42B7-9380-37E5B744E0D4}"
EndProject
Project("{2150E333-8FDC-42A3-9474-1A3956D46DE8}") = "Tests", "Tests", "{5E1E6B85-A212-4D41-AB13-CFE010A53A0C}"
EndProject
Project("{FAE04EC0-301F-11D3-BF4B-00C04F79EFBC}") = "TaxManager.UnitTests", "Tests\TaxManager.UnitTests\TaxManager.UnitTests.csproj", "{6D17D8CC-99D4-447A-BADF-B99EEF333F78}"
EndProject
Global
	GlobalSection(SolutionConfigurationPlatforms) = preSolution
		Debug|Any CPU = Debug|Any CPU
		Debug|x64 = Debug|x64
		Debug|x86 = Debug|x86
		Release|Any CPU = Release|Any CPU
		Release|x64 = Release|x64
		Release|x86 = Release|x86
	EndGlobalSection
	GlobalSection(SolutionProperties) = preSolution
		HideSolutionNode = FALSE
	EndGlobalSection
	GlobalSection(ProjectConfigurationPlatforms) = postSolution
		{151AE7C5-8170-4D65-AF17-170966AC5644}.Debug|Any CPU.ActiveCfg = Debug|Any CPU
		{151AE7C5-8170-4D65-AF17-170966AC5644}.Debug|Any CPU.Build.0 = Debug|Any CPU
		{151AE7C5-8170-4D65-AF17-170966AC5644}.Debug|x64.ActiveCfg = Debug|Any CPU
		{151AE7C5-8170-4D65-AF17-170966AC5644}.Debug|x64.Build.0 = Debug|Any CPU
		{151AE7C5-8170-4D65-AF17-170966AC5644}.Debug|x86.ActiveCfg = Debug|Any CPU
		{151AE7C5-8170-4D65-AF17-170966AC5644}.Debug|x86.Build.0 = Debug|Any CPU
		{151AE7C5-8170-4D65-AF17-170966AC5644}.Release|Any CPU.ActiveCfg = Release|Any CPU
		{151AE7C5-8170-4D65-AF17-170966AC5644}.Release|Any CPU.Build.0 = Release|Any CPU
		{151AE7C5-8170-4D65-AF17-170966AC5644}.Release|x64.ActiveCfg = Release|Any CPU
		{151AE7C5-8170-4D65-AF17-170966AC5644}.Release|x64.Build.0 = Release|Any CPU
		{151AE7C5-8170-4D65-AF17-170966AC5644}.Release|x86.ActiveCfg = Release|Any CPU
		{151AE7C5-8170-4D65-AF17-170966AC5644}.Release|x86.Build.0 = Release|Any CPU
		{F0C59B41-5491-44B1-B358-7A73A872A74D}.Debug|Any CPU.ActiveCfg = Debug|Any CPU
		{F0C59B41-5491-44B1-B358-7A73A872A74D}.Debug|Any CPU.Build.0 = Debug|Any CPU
		{F0C59B41-5491-44B1-B358-7A73A872A74D}.Debug|x64.ActiveCfg = Debug|Any CPU
		{F0C59B41-5491-44B1-B358-7A73A872A74D}.Debug|x64.Build.0 = Debug|Any CPU
		{F0C59B41-5491-44B1-B358-7A73A872A74D}.Debug|x86.ActiveCfg = Debug|Any CPU
		{F0C59B41-5491-44B1-B358-7A73A872A74D}.Debug|x86.Build.0 = Debug|Any CPU
		{F0C59B41-5491-44B1-B358-7A73A872A74D}.Release|Any CPU.ActiveCfg = Release|Any CPU
		{F0C59B41-5491-44B1-B358-7A73A872A74D}.Release|Any CPU.Build.0 = Release|Any CPU
		{F0C59B41-5491-44B1-B358-7A73A872A74D}.Release|x64.ActiveCfg = Release|Any CPU
		{F0C59B41-5491-44B1-B358-7A73A872A74D}.Release|x64.Build.0 = Release|Any CPU
		{F0C59B41-5491-44B1-B358-7A73A872A74D}.Release|x86.ActiveCfg = Release|Any CPU
		{F0C59B41-5491-44B1-B358-7A73A872A74D}.Release|x86.Build.0 = Release|Any CPU
		{C08933F3-DA0C-41A3-B818-FB1FFFD712A1}.Debug|Any CPU.ActiveCfg = Debug|Any CPU
		{C08933F3-DA0C-41A3-B818-FB1FFFD712A1}.Debug|Any CPU.Build.0 = Debug|Any CPU
		{C08933F3-DA0C-41A3-B818-FB1FFFD712A1}.Debug|x64.ActiveCfg = Debug|Any CPU
		{C08933F3-DA0C-41A3-B818-FB1FFFD712A1}.Debug|x64.Build.0 = Debug|Any CPU
		{C08933F3-DA0C-41A3-B818-FB1FFFD712A1}.Debug|x86.ActiveCfg = Debug|Any CPU
		{C08933F3-DA0C-41A3-B818-FB1FFFD712A1}.Debug|x86.Build.0 = Debug|Any CPU
		{C08933F3-DA0C-41A3-B818-FB1FFFD712A1}.Release|Any CPU.ActiveCfg = Release|Any CPU
		{C08933F3-DA0C-41A3-B818-FB1FFFD712A1}.Release|Any CPU.Build.0 = Release|Any CPU
		{C08933F3-DA0C-41A3-B818-FB1FFFD712A1}.Release|x64.ActiveCfg = Release|Any CPU
		{C08933F3-DA0C-41A3-B818-FB1FFFD712A1}.Release|x64.Build.0 = Release|Any CPU
		{C08933F3-DA0C-41A3-B818-FB1FFFD712A1}.Release|x86.ActiveCfg = Release|Any CPU
		{C08933F3-DA0C-41A3-B818-FB1FFFD712A1}.Release|x86.Build.0 = Release|Any CPU
		{32406CF4-1DB1-43B7-AFB9-DCBEB9F14FB6}.Debug|Any CPU.ActiveCfg = Debug|Any CPU
		{32406CF4-1DB1-43B7-AFB9-DCBEB9F14FB6}.Debug|Any CPU.Build.0 = Debug|Any CPU
		{32406CF4-1DB1-43B7-AFB9-DCBEB9F14FB6}.Debug|x64.ActiveCfg = Debug|Any CPU
		{32406CF4-1DB1-43B7-AFB9-DCBEB9F14FB6}.Debug|x64.Build.0 = Debug|Any CPU
		{32406CF4-1DB1-43B7-AFB9-DCBEB9F14FB6}.Debug|x86.ActiveCfg = Debug|Any CPU
		{32406CF4-1DB1-43B7-AFB9-DCBEB9F14FB6}.Debug|x86.Build.0 = Debug|Any CPU
		{32406CF4-1DB1-43B7-AFB9-DCBEB9F14FB6}.Release|Any CPU.ActiveCfg = Release|Any CPU
		{32406CF4-1DB1-43B7-AFB9-DCBEB9F14FB6}.Release|Any CPU.Build.0 = Release|Any CPU
		{32406CF4-1DB1-43B7-AFB9-DCBEB9F14FB6}.Release|x64.ActiveCfg = Release|Any CPU
		{32406CF4-1DB1-43B7-AFB9-DCBEB9F14FB6}.Release|x64.Build.0 = Release|Any CPU
		{32406CF4-1DB1-43B7-AFB9-DCBEB9F14FB6}.Release|x86.ActiveCfg = Release|Any CPU
		{32406CF4-1DB1-43B7-AFB9-DCBEB9F14FB6}.Release|x86.Build.0 = Release|Any CPU
		{53AF1647-FE47-42B7-9380-37E5B744E0D4}.Debug|Any CPU.ActiveCfg = Debug|Any CPU
		{53AF1647-FE47-42B7-9380-37E5B744E0D4}.Debug|Any CPU.Build.0 = Debug|Any CPU
		{53AF1647-FE47-42B7-9380-37E5B744E0D4}.Debug|x64.ActiveCfg = Debug|Any CPU
		{53AF1647-FE47-42B7-9380-37E5B744E0D4}.Debug|x64.Build.0 = Debug|Any CPU
		{53AF1647-FE47-42B7-9380-37E5B744E0D4}.Debug|x86.ActiveCfg = Debug|Any CPU
		{53AF1647-FE47-42B7-9380-37E5B744E0D4}.Debug|x86.Build.0 = Debug|Any CPU
		{53AF1647-FE47-42B7-9380-37E5B744E0D4}.Release|Any CPU.ActiveCfg = Release|Any CPU
		{53AF1647-FE47-42B7-9380-37E5B744E0D4}.Release|Any CPU.Build.0 = Release|Any CPU
		{53AF1647-FE47-42B7-9380-37E5B744E0D4}.Release|x64.ActiveCfg = Release|Any CPU
		{53AF1647-FE47-42B7-9380-37E5B744E0D4}.Release|x64.Build.0 = Release|Any CPU
		{53AF1647-FE47-42B7-9380-37E5B744E0D4}.Release|x86.ActiveCfg = Release|Any CPU
		{53AF1647-FE47-42B7-9380-37E5B744E0D4}.Release|x86.Build.0 = Release|Any CPU
		{6D17D8CC-99D4-447A-BADF-B99EEF333F78}.Debug|Any CPU.ActiveCfg = Debug|Any CPU
		{6D17D8CC-99D4-447A-BADF-B99EEF333F78}.Debug|Any CPU.Build.0 = Debug|Any CPU
		{6D17D8CC-99D4-447A-BADF-B99EEF333F78}.Debug|x64.ActiveCfg = Debug|Any CPU
		{6D17D8CC-99D4-447A-BADF-B99EEF333F78}.Debug|x64.Build.0 = Debug|Any CPU
		{6D17D8CC-99D4-447A-BADF-B99EEF333F78}.Debug|x86.ActiveCfg = Debug|Any CPU
		{6D17D8CC-99D4-447A-BADF-B99EEF333F78}.Debug|x86.Build.0 = Debug|Any CPU
		{6D17D8CC-99D4-447A-BADF-B99EEF333F78}.Release|Any CPU.ActiveCfg = Release|Any CPU
		{6D17D8CC-99D4-447A-BADF-B99EEF333F78}.Release|Any CPU.Build.0 = Release|Any CPU
		{6D17D8CC-99D4-447A-BADF-B99EEF333F78}.Release|x64.ActiveCfg = Release|Any CPU
		{6D17D8CC-99D4-447A-BADF-B99EEF333F78}.Release|x64.Build.0 = Release|Any CPU
		{6D17D8CC-99D4-447A-BADF-B99EEF333F78}.Release|x86.ActiveCfg = Release|Any CPU
		{6D17D8CC-99D4-447A-BADF-B99EEF333F78}.Release|x86.Build.0 = Release|Any CPU
	EndGlobalSection
	GlobalSection(NestedProjects) = preSolution
		{6D17D8CC-99D4-447A-BADF-B99EEF333F78} = {5E1E6B85-A212-4D41-AB13-CFE010A53A0C}
	EndGlobalSection
EndGlobal
